
Microsoft Visual Studio Solution File, Format Version 12.00
Project("{FAE04EC0-301F-11D3-BF4B-00C04F79EFBC}") = "ProcessWindowCounter", "ProcessWindowCounter\ProcessWindowCounter.csproj", "{2C06AF21-99D9-4A8D-AF86-A31B43891718}"
EndProject
Global
	GlobalSection(SolutionConfigurationPlatforms) = preSolution
		Debug|Any CPU = Debug|Any CPU
		Release|Any CPU = Release|Any CPU
	EndGlobalSection
	GlobalSection(ProjectConfigurationPlatforms) = postSolution
		{2C06AF21-99D9-4A8D-AF86-A31B43891718}.Debug|Any CPU.ActiveCfg = Debug|Any CPU
		{2C06AF21-99D9-4A8D-AF86-A31B43891718}.Debug|Any CPU.Build.0 = Debug|Any CPU
		{2C06AF21-99D9-4A8D-AF86-A31B43891718}.Release|Any CPU.ActiveCfg = Release|Any CPU
		{2C06AF21-99D9-4A8D-AF86-A31B43891718}.Release|Any CPU.Build.0 = Release|Any CPU
	EndGlobalSection
EndGlobal
